PODS:
  - IHProgressHUD (0.1.4)
  - SDWebImage (5.8.0):
    - SDWebImage/Core (= 5.8.0)
  - SDWebImage/Core (5.8.0)

DEPENDENCIES:
  - IHProgressHUD
  - SDWebImage (~> 5.0)

SPEC REPOS:
  trunk:
    - IHProgressHUD
    - SDWebImage

SPEC CHECKSUMS:
  IHProgressHUD: a01846bfbb581c761c79747c67b08387c3bdfae3
  SDWebImage: 84000f962cbfa70c07f19d2234cbfcf5d779b5dc

PODFILE CHECKSUM: 4e78615907c48e8d290892b5bc0941c9119e832f

COCOAPODS: 1.8.4
