// !$*UTF8*$!
{
	archiveVersion = 1;
	classes = {
	};
	objectVersion = 50;
	objects = {

/* Begin PBXBuildFile section */
		A5758AC024494D5900A9D140 /* AppDelegate.swift in Sources */ = {isa = PBXBuildFile; fileRef = A5758ABF24494D5900A9D140 /* AppDelegate.swift */; };
		A5758AC424494D5900A9D140 /* ViewController.swift in Sources */ = {isa = PBXBuildFile; fileRef = A5758AC324494D5900A9D140 /* ViewController.swift */; };
		A5758AC724494D5900A9D140 /* Main.storyboard in Resources */ = {isa = PBXBuildFile; fileRef = A5758AC524494D5900A9D140 /* Main.storyboard */; };
		A5758AC924494D5A00A9D140 /* Assets.xcassets in Resources */ = {isa = PBXBuildFile; fileRef = A5758AC824494D5A00A9D140 /* Assets.xcassets */; };
		A5758ACC24494D5A00A9D140 /* LaunchScreen.storyboard in Resources */ = {isa = PBXBuildFile; fileRef = A5758ACA24494D5A00A9D140 /* LaunchScreen.storyboard */; };
		A5758AD424495DD200A9D140 /* UtilityExtension.swift in Sources */ = {isa = PBXBuildFile; fileRef = A5758AD324495DD200A9D140 /* UtilityExtension.swift */; };
/* End PBXBuildFile section */

/* Begin PBXFileReference section */
		A5758ABC24494D5900A9D140 /* formalProtocolWithTextField.app */ = {isa = PBXFileReference; explicitFileType = wrapper.application; includeInIndex = 0; path = formalProtocolWithTextField.app; sourceTree = BUILT_PRODUCTS_DIR; };
		A5758ABF24494D5900A9D140 /* AppDelegate.swift */ = {isa = PBXFileReference; lastKnownFileType = sourcecode.swift; path = AppDelegate.swift; sourceTree = "<group>"; };
		A5758AC324494D5900A9D140 /* ViewController.swift */ = {isa = PBXFileReference; lastKnownFileType = sourcecode.swift; path = ViewController.swift; sourceTree = "<group>"; };
		A5758AC624494D5900A9D140 /* Base */ = {isa = PBXFileReference; lastKnownFileType = file.storyboard; name = Base; path = Base.lproj/Main.storyboard; sourceTree = "<group>"; };
		A5758AC824494D5A00A9D140 /* Assets.xcassets */ = {isa = PBXFileReference; lastKnownFileType = folder.assetcatalog; path = Assets.xcassets; sourceTree = "<group>"; };
		A5758ACB24494D5A00A9D140 /* Base */ = {isa = PBXFileReference; lastKnownFileType = file.storyboard; name = Base; path = Base.lproj/LaunchScreen.storyboard; sourceTree = "<group>"; };
		A5758ACD24494D5A00A9D140 /* Info.plist */ = {isa = PBXFileReference; lastKnownFileType = text.plist.xml; path = Info.plist; sourceTree = "<group>"; };
		A5758AD324495DD200A9D140 /* UtilityExtension.swift */ = {isa = PBXFileReference; lastKnownFileType = sourcecode.swift; path = UtilityExtension.swift; sourceTree = "<group>"; };
/* End PBXFileReference section */

/* Begin PBXFrameworksBuildPhase section */
		A5758AB924494D5900A9D140 /* Frameworks */ = {
			isa = PBXFrameworksBuildPhase;
			buildActionMask = 2147483647;
			files = (
			);
			runOnlyForDeploymentPostprocessing = 0;
		};
/* End PBXFrameworksBuildPhase section */

/* Begin PBXGroup section */
		A5758AB324494D5900A9D140 = {
			isa = PBXGroup;
			children = (
				A5758ABE24494D5900A9D140 /* formalProtocolWithTextField */,
				A5758ABD24494D5900A9D140 /* Products */,
			);
			sourceTree = "<group>";
		};
		A5758ABD24494D5900A9D140 /* Products */ = {
			isa = PBXGroup;
			children = (
				A5758ABC24494D5900A9D140 /* formalProtocolWithTextField.app */,
			);
			name = Products;
			sourceTree = "<group>";
		};
		A5758ABE24494D5900A9D140 /* formalProtocolWithTextField */ = {
			isa = PBXGroup;
			children = (
				A5758ABF24494D5900A9D140 /* AppDelegate.swift */,
				A5758AC324494D5900A9D140 /* ViewController.swift */,
				A5758AD324495DD200A9D140 /* UtilityExtension.swift */,
				A5758AC524494D5900A9D140 /* Main.storyboard */,
				A5758AC824494D5A00A9D140 /* Assets.xcassets */,
				A5758ACA24494D5A00A9D140 /* LaunchScreen.storyboard */,
				A5758ACD24494D5A00A9D140 /* Info.plist */,
			);
			path = formalProtocolWithTextField;
			sourceTree = "<group>";
		};
/* End PBXGroup section */

/* Begin PBXNativeTarget section */
		A5758ABB24494D5900A9D140 /* formalProtocolWithTextField */ = {
			isa = PBXNativeTarget;
			buildConfigurationList = A5758AD024494D5A00A9D140 /* Build configuration list for PBXNativeTarget "formalProtocolWithTextField" */;
			buildPhases = (
				A5758AB824494D5900A9D140 /* Sources */,
				A5758AB924494D5900A9D140 /* Frameworks */,
				A5758ABA24494D5900A9D140 /* Resources */,
			);
			buildRules = (
			);
			dependencies = (
			);
			name = formalProtocolWithTextField;
			productName = formalProtocolWithTextField;
			productReference = A5758ABC24494D5900A9D140 /* formalProtocolWithTextField.app */;
			productType = "com.apple.product-type.application";
		};
/* End PBXNativeTarget section */

/* Begin PBXProject section */
		A5758AB424494D5900A9D140 /* Project object */ = {
			isa = PBXProject;
			attributes = {
				LastSwiftUpdateCheck = 1120;
				LastUpgradeCheck = 1120;
				ORGANIZATIONNAME = BaluTutorial;
				TargetAttributes = {
					A5758ABB24494D5900A9D140 = {
						CreatedOnToolsVersion = 11.2.1;
					};
				};
			};
			buildConfigurationList = A5758AB724494D5900A9D140 /* Build configuration list for PBXProject "formalProtocolWithTextField" */;
			compatibilityVersion = "Xcode 9.3";
			developmentRegion = en;
			hasScannedForEncodings = 0;
			knownRegions = (
				en,
				Base,
			);
			mainGroup = A5758AB324494D5900A9D140;
			productRefGroup = A5758ABD24494D5900A9D140 /* Products */;
			projectDirPath = "";
			projectRoot = "";
			targets = (
				A5758ABB24494D5900A9D140 /* formalProtocolWithTextField */,
			);
		};
/* End PBXProject section */

/* Begin PBXResourcesBuildPhase section */
		A5758ABA24494D5900A9D140 /* Resources */ = {
			isa = PBXResourcesBuildPhase;
			buildActionMask = 2147483647;
			files = (
				A5758ACC24494D5A00A9D140 /* LaunchScreen.storyboard in Resources */,
				A5758AC924494D5A00A9D140 /* Assets.xcassets in Resources */,
				A5758AC724494D5900A9D140 /* Main.storyboard in Resources */,
			);
			runOnlyForDeploymentPostprocessing = 0;
		};
/* End PBXResourcesBuildPhase section */

/* Begin PBXSourcesBuildPhase section */
		A5758AB824494D5900A9D140 /* Sources */ = {
			isa = PBXSourcesBuildPhase;
			buildActionMask = 2147483647;
			files = (
				A5758AD424495DD200A9D140 /* UtilityExtension.swift in Sources */,
				A5758AC424494D5900A9D140 /* ViewController.swift in Sources */,
				A5758AC024494D5900A9D140 /* AppDelegate.swift in Sources */,
			);
			runOnlyForDeploymentPostprocessing = 0;
		};
/* End PBXSourcesBuildPhase section */

/* Begin PBXVariantGroup section */
		A5758AC524494D5900A9D140 /* Main.storyboard */ = {
			isa = PBXVariantGroup;
			children = (
				A5758AC624494D5900A9D140 /* Base */,
			);
			name = Main.storyboard;
			sourceTree = "<group>";
		};
		A5758ACA24494D5A00A9D140 /* LaunchScreen.storyboard */ = {
			isa = PBXVariantGroup;
			children = (
				A5758ACB24494D5A00A9D140 /* Base */,
			);
			name = LaunchScreen.storyboard;
			sourceTree = "<group>";
		};
/* End PBXVariantGroup section */

/* Begin XCBuildConfiguration section */
		A5758ACE24494D5A00A9D140 /* Debug */ = {
			isa = XCBuildConfiguration;
			buildSettings = {
				ALWAYS_SEARCH_USER_PATHS = NO;
				CLANG_ANALYZER_NONNULL = YES;
				CLANG_ANALYZER_NUMBER_OBJECT_CONVERSION = YES_AGGRESSIVE;
				CLANG_CXX_LANGUAGE_STANDARD = "gnu++14";
				CLANG_CXX_LIBRARY = "libc++";
				CLANG_ENABLE_MODULES = YES;
				CLANG_ENABLE_OBJC_ARC = YES;
				CLANG_ENABLE_OBJC_WEAK = YES;
				CLANG_WARN_BLOCK_CAPTURE_AUTORELEASING = YES;
				CLANG_WARN_BOOL_CONVERSION = YES;
				CLANG_WARN_COMMA = YES;
				CLANG_WARN_CONSTANT_CONVERSION = YES;
				CLANG_WARN_DEPRECATED_OBJC_IMPLEMENTATIONS = YES;
				CLANG_WARN_DIRECT_OBJC_ISA_USAGE = YES_ERROR;
				CLANG_WARN_DOCUMENTATION_COMMENTS = YES;
				CLANG_WARN_EMPTY_BODY = YES;
				CLANG_WARN_ENUM_CONVERSION = YES;
				CLANG_WARN_INFINITE_RECURSION = YES;
				CLANG_WARN_INT_CONVERSION = YES;
				CLANG_WARN_NON_LITERAL_NULL_CONVERSION = YES;
				CLANG_WARN_OBJC_IMPLICIT_RETAIN_SELF = YES;
				CLANG_WARN_OBJC_LITERAL_CONVERSION = YES;
				CLANG_WARN_OBJC_ROOT_CLASS = YES_ERROR;
				CLANG_WARN_RANGE_LOOP_ANALYSIS = YES;
				CLANG_WARN_STRICT_PROTOTYPES = YES;
				CLANG_WARN_SUSPICIOUS_MOVE = YES;
				CLANG_WARN_UNGUARDED_AVAILABILITY = YES_AGGRESSIVE;
				CLANG_WARN_UNREACHABLE_CODE = YES;
				CLANG_WARN__DUPLICATE_METHOD_MATCH = YES;
				COPY_PHASE_STRIP = NO;
				DEBUG_INFORMATION_FORMAT = dwarf;
				ENABLE_STRICT_OBJC_MSGSEND = YES;
				ENABLE_TESTABILITY = YES;
				GCC_C_LANGUAGE_STANDARD = gnu11;
				GCC_DYNAMIC_NO_PIC = NO;
				GCC_NO_COMMON_BLOCKS = YES;
				GCC_OPTIMIZATION_LEVEL = 0;
				GCC_PREPROCESSOR_DEFINITIONS = (
					"DEBUG=1",
					"$(inherited)",
				);
				GCC_WARN_64_TO_32_BIT_CONVERSION = YES;
				GCC_WARN_ABOUT_RETURN_TYPE = YES_ERROR;
				GCC_WARN_UNDECLARED_SELECTOR = YES;
				GCC_WARN_UNINITIALIZED_AUTOS = YES_AGGRESSIVE;
				GCC_WARN_UNUSED_FUNCTION = YES;
				GCC_WARN_UNUSED_VARIABLE = YES;
				IPHONEOS_DEPLOYMENT_TARGET = 13.2;
				MTL_ENABLE_DEBUG_INFO = INCLUDE_SOURCE;
				MTL_FAST_MATH = YES;
				ONLY_ACTIVE_ARCH = YES;
				SDKROOT = iphoneos;
				SWIFT_ACTIVE_COMPILATION_CONDITIONS = DEBUG;
				SWIFT_OPTIMIZATION_LEVEL = "-Onone";
			};
			name = Debug;
		};
		A5758ACF24494D5A00A9D140 /* Release */ = {
			isa = XCBuildConfiguration;
			buildSettings = {
				ALWAYS_SEARCH_USER_PATHS = NO;
				CLANG_ANALYZER_NONNULL = YES;
				CLANG_ANALYZER_NUMBER_OBJECT_CONVERSION = YES_AGGRESSIVE;
				CLANG_CXX_LANGUAGE_STANDARD = "gnu++14";
				CLANG_CXX_LIBRARY = "libc++";
				CLANG_ENABLE_MODULES = YES;
				CLANG_ENABLE_OBJC_ARC = YES;
				CLANG_ENABLE_OBJC_WEAK = YES;
				CLANG_WARN_BLOCK_CAPTURE_AUTORELEASING = YES;
				CLANG_WARN_BOOL_CONVERSION = YES;
				CLANG_WARN_COMMA = YES;
				CLANG_WARN_CONSTANT_CONVERSION = YES;
				CLANG_WARN_DEPRECATED_OBJC_IMPLEMENTATIONS = YES;
				CLANG_WARN_DIRECT_OBJC_ISA_USAGE = YES_ERROR;
				CLANG_WARN_DOCUMENTATION_COMMENTS = YES;
				CLANG_WARN_EMPTY_BODY = YES;
				CLANG_WARN_ENUM_CONVERSION = YES;
				CLANG_WARN_INFINITE_RECURSION = YES;
				CLANG_WARN_INT_CONVERSION = YES;
				CLANG_WARN_NON_LITERAL_NULL_CONVERSION = YES;
				CLANG_WARN_OBJC_IMPLICIT_RETAIN_SELF = YES;
				CLANG_WARN_OBJC_LITERAL_CONVERSION = YES;
				CLANG_WARN_OBJC_ROOT_CLASS = YES_ERROR;
				CLANG_WARN_RANGE_LOOP_ANALYSIS = YES;
				CLANG_WARN_STRICT_PROTOTYPES = YES;
				CLANG_WARN_SUSPICIOUS_MOVE = YES;
				CLANG_WARN_UNGUARDED_AVAILABILITY = YES_AGGRESSIVE;
				CLANG_WARN_UNREACHABLE_CODE = YES;
				CLANG_WARN__DUPLICATE_METHOD_MATCH = YES;
				COPY_PHASE_STRIP = NO;
				DEBUG_INFORMATION_FORMAT = "dwarf-with-dsym";
				ENABLE_NS_ASSERTIONS = NO;
				ENABLE_STRICT_OBJC_MSGSEND = YES;
				GCC_C_LANGUAGE_STANDARD = gnu11;
				GCC_NO_COMMON_BLOCKS = YES;
				GCC_WARN_64_TO_32_BIT_CONVERSION = YES;
				GCC_WARN_ABOUT_RETURN_TYPE = YES_ERROR;
				GCC_WARN_UNDECLARED_SELECTOR = YES;
				GCC_WARN_UNINITIALIZED_AUTOS = YES_AGGRESSIVE;
				GCC_WARN_UNUSED_FUNCTION = YES;
				GCC_WARN_UNUSED_VARIABLE = YES;
				IPHONEOS_DEPLOYMENT_TARGET = 13.2;
				MTL_ENABLE_DEBUG_INFO = NO;
				MTL_FAST_MATH = YES;
				SDKROOT = iphoneos;
				SWIFT_COMPILATION_MODE = wholemodule;
				SWIFT_OPTIMIZATION_LEVEL = "-O";
				VALIDATE_PRODUCT = YES;
			};
			name = Release;
		};
		A5758AD124494D5A00A9D140 /* Debug */ = {
			isa = XCBuildConfiguration;
			buildSettings = {
				ASSETCATALOG_COMPILER_APPICON_NAME = AppIcon;
				CODE_SIGN_STYLE = Automatic;
				DEVELOPMENT_TEAM = 456E6NNKP2;
				INFOPLIST_FILE = formalProtocolWithTextField/Info.plist;
				LD_RUNPATH_SEARCH_PATHS = (
					"$(inherited)",
					"@executable_path/Frameworks",
				);
				PRODUCT_BUNDLE_IDENTIFIER = com.BaluTutorial.formalProtocolWithTextField;
				PRODUCT_NAME = "$(TARGET_NAME)";
				SWIFT_VERSION = 5.0;
				TARGETED_DEVICE_FAMILY = "1,2";
			};
			name = Debug;
		};
		A5758AD224494D5A00A9D140 /* Release */ = {
			isa = XCBuildConfiguration;
			buildSettings = {
				ASSETCATALOG_COMPILER_APPICON_NAME = AppIcon;
				CODE_SIGN_STYLE = Automatic;
				DEVELOPMENT_TEAM = 456E6NNKP2;
				INFOPLIST_FILE = formalProtocolWithTextField/Info.plist;
				LD_RUNPATH_SEARCH_PATHS = (
					"$(inherited)",
					"@executable_path/Frameworks",
				);
				PRODUCT_BUNDLE_IDENTIFIER = com.BaluTutorial.formalProtocolWithTextField;
				PRODUCT_NAME = "$(TARGET_NAME)";
				SWIFT_VERSION = 5.0;
				TARGETED_DEVICE_FAMILY = "1,2";
			};
			name = Release;
		};
/* End XCBuildConfiguration section */

/* Begin XCConfigurationList section */
		A5758AB724494D5900A9D140 /* Build configuration list for PBXProject "formalProtocolWithTextField" */ = {
			isa = XCConfigurationList;
			buildConfigurations = (
				A5758ACE24494D5A00A9D140 /* Debug */,
				A5758ACF24494D5A00A9D140 /* Release */,
			);
			defaultConfigurationIsVisible = 0;
			defaultConfigurationName = Release;
		};
		A5758AD024494D5A00A9D140 /* Build configuration list for PBXNativeTarget "formalProtocolWithTextField" */ = {
			isa = XCConfigurationList;
			buildConfigurations = (
				A5758AD124494D5A00A9D140 /* Debug */,
				A5758AD224494D5A00A9D140 /* Release */,
			);
			defaultConfigurationIsVisible = 0;
			defaultConfigurationName = Release;
		};
/* End XCConfigurationList section */
	};
	rootObject = A5758AB424494D5900A9D140 /* Project object */;
}
