// !$*UTF8*$!
{
	archiveVersion = 1;
	classes = {
	};
	objectVersion = 51;
	objects = {

/* Begin PBXBuildFile section */
		0720A73A1F410DB71F041405 /* Pods_CoreDataApp.framework in Frameworks */ = {isa = PBXBuildFile; fileRef = AA1476A311DC57B16DE05250 /* Pods_CoreDataApp.framework */; };
		A5433AAA2486191400E5BE5E /* Commit+CoreDataProperties.swift in Sources */ = {isa = PBXBuildFile; fileRef = A5433AA72486191400E5BE5E /* Commit+CoreDataProperties.swift */; };
		A5433AAB2486191400E5BE5E /* Author+CoreDataClass.swift in Sources */ = {isa = PBXBuildFile; fileRef = A5433AA92486191400E5BE5E /* Author+CoreDataClass.swift */; };
		A5433AAC2486191400E5BE5E /* Author+CoreDataProperties.swift in Sources */ = {isa = PBXBuildFile; fileRef = A5433AA62486191400E5BE5E /* Author+CoreDataProperties.swift */; };
		A5433AAD2486191400E5BE5E /* Commit+CoreDataClass.swift in Sources */ = {isa = PBXBuildFile; fileRef = A5433AA82486191400E5BE5E /* Commit+CoreDataClass.swift */; };
		A5A0D2002485FC63009CAA41 /* DetailViewController.swift in Sources */ = {isa = PBXBuildFile; fileRef = A5A0D1FF2485FC63009CAA41 /* DetailViewController.swift */; };
		A5B3A634248497820015D2E3 /* AppDelegate.swift in Sources */ = {isa = PBXBuildFile; fileRef = A5B3A633248497820015D2E3 /* AppDelegate.swift */; };
		A5B3A636248497820015D2E3 /* SceneDelegate.swift in Sources */ = {isa = PBXBuildFile; fileRef = A5B3A635248497820015D2E3 /* SceneDelegate.swift */; };
		A5B3A638248497820015D2E3 /* ViewController.swift in Sources */ = {isa = PBXBuildFile; fileRef = A5B3A637248497820015D2E3 /* ViewController.swift */; };
		A5B3A63B248497820015D2E3 /* Main.storyboard in Resources */ = {isa = PBXBuildFile; fileRef = A5B3A639248497820015D2E3 /* Main.storyboard */; };
		A5B3A63D248497830015D2E3 /* Assets.xcassets in Resources */ = {isa = PBXBuildFile; fileRef = A5B3A63C248497830015D2E3 /* Assets.xcassets */; };
		A5B3A640248497830015D2E3 /* LaunchScreen.storyboard in Resources */ = {isa = PBXBuildFile; fileRef = A5B3A63E248497830015D2E3 /* LaunchScreen.storyboard */; };
		A5B3A66C2484988C0015D2E3 /* CoreDataApp.xcdatamodeld in Sources */ = {isa = PBXBuildFile; fileRef = A5B3A66A2484988C0015D2E3 /* CoreDataApp.xcdatamodeld */; };
/* End PBXBuildFile section */

/* Begin PBXFileReference section */
		7FCA7BE7BD38D425387C8E9A /* Pods-CoreDataApp.debug.xcconfig */ = {isa = PBXFileReference; includeInIndex = 1; lastKnownFileType = text.xcconfig; name = "Pods-CoreDataApp.debug.xcconfig"; path = "Target Support Files/Pods-CoreDataApp/Pods-CoreDataApp.debug.xcconfig"; sourceTree = "<group>"; };
		A5433AA62486191400E5BE5E /* Author+CoreDataProperties.swift */ = {isa = PBXFileReference; lastKnownFileType = sourcecode.swift; name = "Author+CoreDataProperties.swift"; path = "/Users/balunaik/Documents/iOSTraining/CoreDataApp/CoreDataApp/Author+CoreDataProperties.swift"; sourceTree = "<absolute>"; };
		A5433AA72486191400E5BE5E /* Commit+CoreDataProperties.swift */ = {isa = PBXFileReference; lastKnownFileType = sourcecode.swift; name = "Commit+CoreDataProperties.swift"; path = "/Users/balunaik/Documents/iOSTraining/CoreDataApp/CoreDataApp/Commit+CoreDataProperties.swift"; sourceTree = "<absolute>"; };
		A5433AA82486191400E5BE5E /* Commit+CoreDataClass.swift */ = {isa = PBXFileReference; lastKnownFileType = sourcecode.swift; name = "Commit+CoreDataClass.swift"; path = "/Users/balunaik/Documents/iOSTraining/CoreDataApp/CoreDataApp/Commit+CoreDataClass.swift"; sourceTree = "<absolute>"; };
		A5433AA92486191400E5BE5E /* Author+CoreDataClass.swift */ = {isa = PBXFileReference; lastKnownFileType = sourcecode.swift; name = "Author+CoreDataClass.swift"; path = "/Users/balunaik/Documents/iOSTraining/CoreDataApp/CoreDataApp/Author+CoreDataClass.swift"; sourceTree = "<absolute>"; };
		A5A0D1FF2485FC63009CAA41 /* DetailViewController.swift */ = {isa = PBXFileReference; lastKnownFileType = sourcecode.swift; path = DetailViewController.swift; sourceTree = "<group>"; };
		A5B3A630248497820015D2E3 /* CoreDataApp.app */ = {isa = PBXFileReference; explicitFileType = wrapper.application; includeInIndex = 0; path = CoreDataApp.app; sourceTree = BUILT_PRODUCTS_DIR; };
		A5B3A633248497820015D2E3 /* AppDelegate.swift */ = {isa = PBXFileReference; lastKnownFileType = sourcecode.swift; path = AppDelegate.swift; sourceTree = "<group>"; };
		A5B3A635248497820015D2E3 /* SceneDelegate.swift */ = {isa = PBXFileReference; lastKnownFileType = sourcecode.swift; path = SceneDelegate.swift; sourceTree = "<group>"; };
		A5B3A637248497820015D2E3 /* ViewController.swift */ = {isa = PBXFileReference; lastKnownFileType = sourcecode.swift; path = ViewController.swift; sourceTree = "<group>"; };
		A5B3A63A248497820015D2E3 /* Base */ = {isa = PBXFileReference; lastKnownFileType = file.storyboard; name = Base; path = Base.lproj/Main.storyboard; sourceTree = "<group>"; };
		A5B3A63C248497830015D2E3 /* Assets.xcassets */ = {isa = PBXFileReference; lastKnownFileType = folder.assetcatalog; path = Assets.xcassets; sourceTree = "<group>"; };
		A5B3A63F248497830015D2E3 /* Base */ = {isa = PBXFileReference; lastKnownFileType = file.storyboard; name = Base; path = Base.lproj/LaunchScreen.storyboard; sourceTree = "<group>"; };
		A5B3A641248497830015D2E3 /* Info.plist */ = {isa = PBXFileReference; lastKnownFileType = text.plist.xml; path = Info.plist; sourceTree = "<group>"; };
		A5B3A66B2484988C0015D2E3 /* CoreDataApp.xcdatamodel */ = {isa = PBXFileReference; lastKnownFileType = wrapper.xcdatamodel; path = CoreDataApp.xcdatamodel; sourceTree = "<group>"; };
		AA1476A311DC57B16DE05250 /* Pods_CoreDataApp.framework */ = {isa = PBXFileReference; explicitFileType = wrapper.framework; includeInIndex = 0; path = Pods_CoreDataApp.framework; sourceTree = BUILT_PRODUCTS_DIR; };
		FFA502F7566697F5F246FACB /* Pods-CoreDataApp.release.xcconfig */ = {isa = PBXFileReference; includeInIndex = 1; lastKnownFileType = text.xcconfig; name = "Pods-CoreDataApp.release.xcconfig"; path = "Target Support Files/Pods-CoreDataApp/Pods-CoreDataApp.release.xcconfig"; sourceTree = "<group>"; };
/* End PBXFileReference section */

/* Begin PBXFrameworksBuildPhase section */
		A5B3A62D248497820015D2E3 /* Frameworks */ = {
			isa = PBXFrameworksBuildPhase;
			buildActionMask = 2147483647;
			files = (
				0720A73A1F410DB71F041405 /* Pods_CoreDataApp.framework in Frameworks */,
			);
			runOnlyForDeploymentPostprocessing = 0;
		};
/* End PBXFrameworksBuildPhase section */

/* Begin PBXGroup section */
		7563380EB2EE37ECDA85F027 /* Frameworks */ = {
			isa = PBXGroup;
			children = (
				AA1476A311DC57B16DE05250 /* Pods_CoreDataApp.framework */,
			);
			name = Frameworks;
			sourceTree = "<group>";
		};
		8FB9552AB1373E522EFB35B8 /* Pods */ = {
			isa = PBXGroup;
			children = (
				7FCA7BE7BD38D425387C8E9A /* Pods-CoreDataApp.debug.xcconfig */,
				FFA502F7566697F5F246FACB /* Pods-CoreDataApp.release.xcconfig */,
			);
			path = Pods;
			sourceTree = "<group>";
		};
		A5B3A627248497820015D2E3 = {
			isa = PBXGroup;
			children = (
				A5B3A632248497820015D2E3 /* CoreDataApp */,
				A5B3A631248497820015D2E3 /* Products */,
				8FB9552AB1373E522EFB35B8 /* Pods */,
				7563380EB2EE37ECDA85F027 /* Frameworks */,
			);
			sourceTree = "<group>";
		};
		A5B3A631248497820015D2E3 /* Products */ = {
			isa = PBXGroup;
			children = (
				A5B3A630248497820015D2E3 /* CoreDataApp.app */,
			);
			name = Products;
			sourceTree = "<group>";
		};
		A5B3A632248497820015D2E3 /* CoreDataApp */ = {
			isa = PBXGroup;
			children = (
				A5B3A66D24849D480015D2E3 /* DataModel */,
				A5433AA82486191400E5BE5E /* Commit+CoreDataClass.swift */,
				A5433AA72486191400E5BE5E /* Commit+CoreDataProperties.swift */,
				A5433AA92486191400E5BE5E /* Author+CoreDataClass.swift */,
				A5433AA62486191400E5BE5E /* Author+CoreDataProperties.swift */,
				A5B3A633248497820015D2E3 /* AppDelegate.swift */,
				A5B3A635248497820015D2E3 /* SceneDelegate.swift */,
				A5B3A637248497820015D2E3 /* ViewController.swift */,
				A5A0D1FF2485FC63009CAA41 /* DetailViewController.swift */,
				A5B3A639248497820015D2E3 /* Main.storyboard */,
				A5B3A63C248497830015D2E3 /* Assets.xcassets */,
				A5B3A63E248497830015D2E3 /* LaunchScreen.storyboard */,
				A5B3A641248497830015D2E3 /* Info.plist */,
				A5B3A66A2484988C0015D2E3 /* CoreDataApp.xcdatamodeld */,
			);
			path = CoreDataApp;
			sourceTree = "<group>";
		};
		A5B3A66D24849D480015D2E3 /* DataModel */ = {
			isa = PBXGroup;
			children = (
			);
			path = DataModel;
			sourceTree = "<group>";
		};
/* End PBXGroup section */

/* Begin PBXNativeTarget section */
		A5B3A62F248497820015D2E3 /* CoreDataApp */ = {
			isa = PBXNativeTarget;
			buildConfigurationList = A5B3A644248497830015D2E3 /* Build configuration list for PBXNativeTarget "CoreDataApp" */;
			buildPhases = (
				5AF69EA726BD88E5C1A7EBCF /* [CP] Check Pods Manifest.lock */,
				A5B3A62C248497820015D2E3 /* Sources */,
				A5B3A62D248497820015D2E3 /* Frameworks */,
				A5B3A62E248497820015D2E3 /* Resources */,
				B16DB95FED273B8EFF061EAC /* [CP] Embed Pods Frameworks */,
			);
			buildRules = (
			);
			dependencies = (
			);
			name = CoreDataApp;
			productName = CoreDataApp;
			productReference = A5B3A630248497820015D2E3 /* CoreDataApp.app */;
			productType = "com.apple.product-type.application";
		};
/* End PBXNativeTarget section */

/* Begin PBXProject section */
		A5B3A628248497820015D2E3 /* Project object */ = {
			isa = PBXProject;
			attributes = {
				LastSwiftUpdateCheck = 1130;
				LastUpgradeCheck = 1130;
				ORGANIZATIONNAME = BaluTutorial;
				TargetAttributes = {
					A5B3A62F248497820015D2E3 = {
						CreatedOnToolsVersion = 11.3.1;
					};
				};
			};
			buildConfigurationList = A5B3A62B248497820015D2E3 /* Build configuration list for PBXProject "CoreDataApp" */;
			compatibilityVersion = "Xcode 9.3";
			developmentRegion = en;
			hasScannedForEncodings = 0;
			knownRegions = (
				en,
				Base,
			);
			mainGroup = A5B3A627248497820015D2E3;
			productRefGroup = A5B3A631248497820015D2E3 /* Products */;
			projectDirPath = "";
			projectRoot = "";
			targets = (
				A5B3A62F248497820015D2E3 /* CoreDataApp */,
			);
		};
/* End PBXProject section */

/* Begin PBXResourcesBuildPhase section */
		A5B3A62E248497820015D2E3 /* Resources */ = {
			isa = PBXResourcesBuildPhase;
			buildActionMask = 2147483647;
			files = (
				A5B3A640248497830015D2E3 /* LaunchScreen.storyboard in Resources */,
				A5B3A63D248497830015D2E3 /* Assets.xcassets in Resources */,
				A5B3A63B248497820015D2E3 /* Main.storyboard in Resources */,
			);
			runOnlyForDeploymentPostprocessing = 0;
		};
/* End PBXResourcesBuildPhase section */

/* Begin PBXShellScriptBuildPhase section */
		5AF69EA726BD88E5C1A7EBCF /* [CP] Check Pods Manifest.lock */ = {
			isa = PBXShellScriptBuildPhase;
			buildActionMask = 2147483647;
			files = (
			);
			inputFileListPaths = (
			);
			inputPaths = (
				"${PODS_PODFILE_DIR_PATH}/Podfile.lock",
				"${PODS_ROOT}/Manifest.lock",
			);
			name = "[CP] Check Pods Manifest.lock";
			outputFileListPaths = (
			);
			outputPaths = (
				"$(DERIVED_FILE_DIR)/Pods-CoreDataApp-checkManifestLockResult.txt",
			);
			runOnlyForDeploymentPostprocessing = 0;
			shellPath = /bin/sh;
			shellScript = "diff \"${PODS_PODFILE_DIR_PATH}/Podfile.lock\" \"${PODS_ROOT}/Manifest.lock\" > /dev/null\nif [ $? != 0 ] ; then\n    # print error to STDERR\n    echo \"error: The sandbox is not in sync with the Podfile.lock. Run 'pod install' or update your CocoaPods installation.\" >&2\n    exit 1\nfi\n# This output is used by Xcode 'outputs' to avoid re-running this script phase.\necho \"SUCCESS\" > \"${SCRIPT_OUTPUT_FILE_0}\"\n";
			showEnvVarsInLog = 0;
		};
		B16DB95FED273B8EFF061EAC /* [CP] Embed Pods Frameworks */ = {
			isa = PBXShellScriptBuildPhase;
			buildActionMask = 2147483647;
			files = (
			);
			inputFileListPaths = (
				"${PODS_ROOT}/Target Support Files/Pods-CoreDataApp/Pods-CoreDataApp-frameworks-${CONFIGURATION}-input-files.xcfilelist",
			);
			name = "[CP] Embed Pods Frameworks";
			outputFileListPaths = (
				"${PODS_ROOT}/Target Support Files/Pods-CoreDataApp/Pods-CoreDataApp-frameworks-${CONFIGURATION}-output-files.xcfilelist",
			);
			runOnlyForDeploymentPostprocessing = 0;
			shellPath = /bin/sh;
			shellScript = "\"${PODS_ROOT}/Target Support Files/Pods-CoreDataApp/Pods-CoreDataApp-frameworks.sh\"\n";
			showEnvVarsInLog = 0;
		};
/* End PBXShellScriptBuildPhase section */

/* Begin PBXSourcesBuildPhase section */
		A5B3A62C248497820015D2E3 /* Sources */ = {
			isa = PBXSourcesBuildPhase;
			buildActionMask = 2147483647;
			files = (
				A5433AAC2486191400E5BE5E /* Author+CoreDataProperties.swift in Sources */,
				A5A0D2002485FC63009CAA41 /* DetailViewController.swift in Sources */,
				A5B3A66C2484988C0015D2E3 /* CoreDataApp.xcdatamodeld in Sources */,
				A5B3A638248497820015D2E3 /* ViewController.swift in Sources */,
				A5B3A634248497820015D2E3 /* AppDelegate.swift in Sources */,
				A5433AAB2486191400E5BE5E /* Author+CoreDataClass.swift in Sources */,
				A5433AAD2486191400E5BE5E /* Commit+CoreDataClass.swift in Sources */,
				A5433AAA2486191400E5BE5E /* Commit+CoreDataProperties.swift in Sources */,
				A5B3A636248497820015D2E3 /* SceneDelegate.swift in Sources */,
			);
			runOnlyForDeploymentPostprocessing = 0;
		};
/* End PBXSourcesBuildPhase section */

/* Begin PBXVariantGroup section */
		A5B3A639248497820015D2E3 /* Main.storyboard */ = {
			isa = PBXVariantGroup;
			children = (
				A5B3A63A248497820015D2E3 /* Base */,
			);
			name = Main.storyboard;
			sourceTree = "<group>";
		};
		A5B3A63E248497830015D2E3 /* LaunchScreen.storyboard */ = {
			isa = PBXVariantGroup;
			children = (
				A5B3A63F248497830015D2E3 /* Base */,
			);
			name = LaunchScreen.storyboard;
			sourceTree = "<group>";
		};
/* End PBXVariantGroup section */

/* Begin XCBuildConfiguration section */
		A5B3A642248497830015D2E3 /* Debug */ = {
			isa = XCBuildConfiguration;
			buildSettings = {
				ALWAYS_SEARCH_USER_PATHS = NO;
				CLANG_ANALYZER_NONNULL = YES;
				CLANG_ANALYZER_NUMBER_OBJECT_CONVERSION = YES_AGGRESSIVE;
				CLANG_CXX_LANGUAGE_STANDARD = "gnu++14";
				CLANG_CXX_LIBRARY = "libc++";
				CLANG_ENABLE_MODULES = YES;
				CLANG_ENABLE_OBJC_ARC = YES;
				CLANG_ENABLE_OBJC_WEAK = YES;
				CLANG_WARN_BLOCK_CAPTURE_AUTORELEASING = YES;
				CLANG_WARN_BOOL_CONVERSION = YES;
				CLANG_WARN_COMMA = YES;
				CLANG_WARN_CONSTANT_CONVERSION = YES;
				CLANG_WARN_DEPRECATED_OBJC_IMPLEMENTATIONS = YES;
				CLANG_WARN_DIRECT_OBJC_ISA_USAGE = YES_ERROR;
				CLANG_WARN_DOCUMENTATION_COMMENTS = YES;
				CLANG_WARN_EMPTY_BODY = YES;
				CLANG_WARN_ENUM_CONVERSION = YES;
				CLANG_WARN_INFINITE_RECURSION = YES;
				CLANG_WARN_INT_CONVERSION = YES;
				CLANG_WARN_NON_LITERAL_NULL_CONVERSION = YES;
				CLANG_WARN_OBJC_IMPLICIT_RETAIN_SELF = YES;
				CLANG_WARN_OBJC_LITERAL_CONVERSION = YES;
				CLANG_WARN_OBJC_ROOT_CLASS = YES_ERROR;
				CLANG_WARN_RANGE_LOOP_ANALYSIS = YES;
				CLANG_WARN_STRICT_PROTOTYPES = YES;
				CLANG_WARN_SUSPICIOUS_MOVE = YES;
				CLANG_WARN_UNGUARDED_AVAILABILITY = YES_AGGRESSIVE;
				CLANG_WARN_UNREACHABLE_CODE = YES;
				CLANG_WARN__DUPLICATE_METHOD_MATCH = YES;
				COPY_PHASE_STRIP = NO;
				DEBUG_INFORMATION_FORMAT = dwarf;
				ENABLE_STRICT_OBJC_MSGSEND = YES;
				ENABLE_TESTABILITY = YES;
				GCC_C_LANGUAGE_STANDARD = gnu11;
				GCC_DYNAMIC_NO_PIC = NO;
				GCC_NO_COMMON_BLOCKS = YES;
				GCC_OPTIMIZATION_LEVEL = 0;
				GCC_PREPROCESSOR_DEFINITIONS = (
					"DEBUG=1",
					"$(inherited)",
				);
				GCC_WARN_64_TO_32_BIT_CONVERSION = YES;
				GCC_WARN_ABOUT_RETURN_TYPE = YES_ERROR;
				GCC_WARN_UNDECLARED_SELECTOR = YES;
				GCC_WARN_UNINITIALIZED_AUTOS = YES_AGGRESSIVE;
				GCC_WARN_UNUSED_FUNCTION = YES;
				GCC_WARN_UNUSED_VARIABLE = YES;
				IPHONEOS_DEPLOYMENT_TARGET = 13.2;
				MTL_ENABLE_DEBUG_INFO = INCLUDE_SOURCE;
				MTL_FAST_MATH = YES;
				ONLY_ACTIVE_ARCH = YES;
				SDKROOT = iphoneos;
				SWIFT_ACTIVE_COMPILATION_CONDITIONS = DEBUG;
				SWIFT_OPTIMIZATION_LEVEL = "-Onone";
			};
			name = Debug;
		};
		A5B3A643248497830015D2E3 /* Release */ = {
			isa = XCBuildConfiguration;
			buildSettings = {
				ALWAYS_SEARCH_USER_PATHS = NO;
				CLANG_ANALYZER_NONNULL = YES;
				CLANG_ANALYZER_NUMBER_OBJECT_CONVERSION = YES_AGGRESSIVE;
				CLANG_CXX_LANGUAGE_STANDARD = "gnu++14";
				CLANG_CXX_LIBRARY = "libc++";
				CLANG_ENABLE_MODULES = YES;
				CLANG_ENABLE_OBJC_ARC = YES;
				CLANG_ENABLE_OBJC_WEAK = YES;
				CLANG_WARN_BLOCK_CAPTURE_AUTORELEASING = YES;
				CLANG_WARN_BOOL_CONVERSION = YES;
				CLANG_WARN_COMMA = YES;
				CLANG_WARN_CONSTANT_CONVERSION = YES;
				CLANG_WARN_DEPRECATED_OBJC_IMPLEMENTATIONS = YES;
				CLANG_WARN_DIRECT_OBJC_ISA_USAGE = YES_ERROR;
				CLANG_WARN_DOCUMENTATION_COMMENTS = YES;
				CLANG_WARN_EMPTY_BODY = YES;
				CLANG_WARN_ENUM_CONVERSION = YES;
				CLANG_WARN_INFINITE_RECURSION = YES;
				CLANG_WARN_INT_CONVERSION = YES;
				CLANG_WARN_NON_LITERAL_NULL_CONVERSION = YES;
				CLANG_WARN_OBJC_IMPLICIT_RETAIN_SELF = YES;
				CLANG_WARN_OBJC_LITERAL_CONVERSION = YES;
				CLANG_WARN_OBJC_ROOT_CLASS = YES_ERROR;
				CLANG_WARN_RANGE_LOOP_ANALYSIS = YES;
				CLANG_WARN_STRICT_PROTOTYPES = YES;
				CLANG_WARN_SUSPICIOUS_MOVE = YES;
				CLANG_WARN_UNGUARDED_AVAILABILITY = YES_AGGRESSIVE;
				CLANG_WARN_UNREACHABLE_CODE = YES;
				CLANG_WARN__DUPLICATE_METHOD_MATCH = YES;
				COPY_PHASE_STRIP = NO;
				DEBUG_INFORMATION_FORMAT = "dwarf-with-dsym";
				ENABLE_NS_ASSERTIONS = NO;
				ENABLE_STRICT_OBJC_MSGSEND = YES;
				GCC_C_LANGUAGE_STANDARD = gnu11;
				GCC_NO_COMMON_BLOCKS = YES;
				GCC_WARN_64_TO_32_BIT_CONVERSION = YES;
				GCC_WARN_ABOUT_RETURN_TYPE = YES_ERROR;
				GCC_WARN_UNDECLARED_SELECTOR = YES;
				GCC_WARN_UNINITIALIZED_AUTOS = YES_AGGRESSIVE;
				GCC_WARN_UNUSED_FUNCTION = YES;
				GCC_WARN_UNUSED_VARIABLE = YES;
				IPHONEOS_DEPLOYMENT_TARGET = 13.2;
				MTL_ENABLE_DEBUG_INFO = NO;
				MTL_FAST_MATH = YES;
				SDKROOT = iphoneos;
				SWIFT_COMPILATION_MODE = wholemodule;
				SWIFT_OPTIMIZATION_LEVEL = "-O";
				VALIDATE_PRODUCT = YES;
			};
			name = Release;
		};
		A5B3A645248497830015D2E3 /* Debug */ = {
			isa = XCBuildConfiguration;
			baseConfigurationReference = 7FCA7BE7BD38D425387C8E9A /* Pods-CoreDataApp.debug.xcconfig */;
			buildSettings = {
				ASSETCATALOG_COMPILER_APPICON_NAME = AppIcon;
				CODE_SIGN_STYLE = Automatic;
				DEVELOPMENT_TEAM = 456E6NNKP2;
				INFOPLIST_FILE = CoreDataApp/Info.plist;
				LD_RUNPATH_SEARCH_PATHS = (
					"$(inherited)",
					"@executable_path/Frameworks",
				);
				PRODUCT_BUNDLE_IDENTIFIER = com.BaluTutorial.CoreDataApp;
				PRODUCT_NAME = "$(TARGET_NAME)";
				SWIFT_VERSION = 5.0;
				TARGETED_DEVICE_FAMILY = "1,2";
			};
			name = Debug;
		};
		A5B3A646248497830015D2E3 /* Release */ = {
			isa = XCBuildConfiguration;
			baseConfigurationReference = FFA502F7566697F5F246FACB /* Pods-CoreDataApp.release.xcconfig */;
			buildSettings = {
				ASSETCATALOG_COMPILER_APPICON_NAME = AppIcon;
				CODE_SIGN_STYLE = Automatic;
				DEVELOPMENT_TEAM = 456E6NNKP2;
				INFOPLIST_FILE = CoreDataApp/Info.plist;
				LD_RUNPATH_SEARCH_PATHS = (
					"$(inherited)",
					"@executable_path/Frameworks",
				);
				PRODUCT_BUNDLE_IDENTIFIER = com.BaluTutorial.CoreDataApp;
				PRODUCT_NAME = "$(TARGET_NAME)";
				SWIFT_VERSION = 5.0;
				TARGETED_DEVICE_FAMILY = "1,2";
			};
			name = Release;
		};
/* End XCBuildConfiguration section */

/* Begin XCConfigurationList section */
		A5B3A62B248497820015D2E3 /* Build configuration list for PBXProject "CoreDataApp" */ = {
			isa = XCConfigurationList;
			buildConfigurations = (
				A5B3A642248497830015D2E3 /* Debug */,
				A5B3A643248497830015D2E3 /* Release */,
			);
			defaultConfigurationIsVisible = 0;
			defaultConfigurationName = Release;
		};
		A5B3A644248497830015D2E3 /* Build configuration list for PBXNativeTarget "CoreDataApp" */ = {
			isa = XCConfigurationList;
			buildConfigurations = (
				A5B3A645248497830015D2E3 /* Debug */,
				A5B3A646248497830015D2E3 /* Release */,
			);
			defaultConfigurationIsVisible = 0;
			defaultConfigurationName = Release;
		};
/* End XCConfigurationList section */

/* Begin XCVersionGroup section */
		A5B3A66A2484988C0015D2E3 /* CoreDataApp.xcdatamodeld */ = {
			isa = XCVersionGroup;
			children = (
				A5B3A66B2484988C0015D2E3 /* CoreDataApp.xcdatamodel */,
			);
			currentVersion = A5B3A66B2484988C0015D2E3 /* CoreDataApp.xcdatamodel */;
			path = CoreDataApp.xcdatamodeld;
			sourceTree = "<group>";
			versionGroupType = wrapper.xcdatamodel;
		};
/* End XCVersionGroup section */
	};
	rootObject = A5B3A628248497820015D2E3 /* Project object */;
}
