// !$*UTF8*$!
{
	archiveVersion = 1;
	classes = {
	};
	objectVersion = 51;
	objects = {

/* Begin PBXBuildFile section */
		367493347746210C78EB9B64 /* Pods_BTGoogleMaps.framework in Frameworks */ = {isa = PBXBuildFile; fileRef = 5B532995D1B97827F8889B5F /* Pods_BTGoogleMaps.framework */; };
		A56106682489DB42002D8700 /* AppDelegate.swift in Sources */ = {isa = PBXBuildFile; fileRef = A56106672489DB42002D8700 /* AppDelegate.swift */; };
		A561066A2489DB42002D8700 /* SceneDelegate.swift in Sources */ = {isa = PBXBuildFile; fileRef = A56106692489DB42002D8700 /* SceneDelegate.swift */; };
		A561066C2489DB42002D8700 /* ViewController.swift in Sources */ = {isa = PBXBuildFile; fileRef = A561066B2489DB42002D8700 /* ViewController.swift */; };
		A561066F2489DB42002D8700 /* Main.storyboard in Resources */ = {isa = PBXBuildFile; fileRef = A561066D2489DB42002D8700 /* Main.storyboard */; };
		A56106712489DB43002D8700 /* Assets.xcassets in Resources */ = {isa = PBXBuildFile; fileRef = A56106702489DB43002D8700 /* Assets.xcassets */; };
		A56106742489DB43002D8700 /* LaunchScreen.storyboard in Resources */ = {isa = PBXBuildFile; fileRef = A56106722489DB43002D8700 /* LaunchScreen.storyboard */; };
/* End PBXBuildFile section */

/* Begin PBXFileReference section */
		3B49563ACC6A83E1C5AF5A96 /* Pods-BTGoogleMaps.release.xcconfig */ = {isa = PBXFileReference; includeInIndex = 1; lastKnownFileType = text.xcconfig; name = "Pods-BTGoogleMaps.release.xcconfig"; path = "Target Support Files/Pods-BTGoogleMaps/Pods-BTGoogleMaps.release.xcconfig"; sourceTree = "<group>"; };
		5B532995D1B97827F8889B5F /* Pods_BTGoogleMaps.framework */ = {isa = PBXFileReference; explicitFileType = wrapper.framework; includeInIndex = 0; path = Pods_BTGoogleMaps.framework; sourceTree = BUILT_PRODUCTS_DIR; };
		A56106642489DB42002D8700 /* BTGoogleMaps.app */ = {isa = PBXFileReference; explicitFileType = wrapper.application; includeInIndex = 0; path = BTGoogleMaps.app; sourceTree = BUILT_PRODUCTS_DIR; };
		A56106672489DB42002D8700 /* AppDelegate.swift */ = {isa = PBXFileReference; lastKnownFileType = sourcecode.swift; path = AppDelegate.swift; sourceTree = "<group>"; };
		A56106692489DB42002D8700 /* SceneDelegate.swift */ = {isa = PBXFileReference; lastKnownFileType = sourcecode.swift; path = SceneDelegate.swift; sourceTree = "<group>"; };
		A561066B2489DB42002D8700 /* ViewController.swift */ = {isa = PBXFileReference; lastKnownFileType = sourcecode.swift; path = ViewController.swift; sourceTree = "<group>"; };
		A561066E2489DB42002D8700 /* Base */ = {isa = PBXFileReference; lastKnownFileType = file.storyboard; name = Base; path = Base.lproj/Main.storyboard; sourceTree = "<group>"; };
		A56106702489DB43002D8700 /* Assets.xcassets */ = {isa = PBXFileReference; lastKnownFileType = folder.assetcatalog; path = Assets.xcassets; sourceTree = "<group>"; };
		A56106732489DB43002D8700 /* Base */ = {isa = PBXFileReference; lastKnownFileType = file.storyboard; name = Base; path = Base.lproj/LaunchScreen.storyboard; sourceTree = "<group>"; };
		A56106752489DB43002D8700 /* Info.plist */ = {isa = PBXFileReference; lastKnownFileType = text.plist.xml; path = Info.plist; sourceTree = "<group>"; };
		AC6A49CE424CDDEC7E4BF3F8 /* Pods-BTGoogleMaps.debug.xcconfig */ = {isa = PBXFileReference; includeInIndex = 1; lastKnownFileType = text.xcconfig; name = "Pods-BTGoogleMaps.debug.xcconfig"; path = "Target Support Files/Pods-BTGoogleMaps/Pods-BTGoogleMaps.debug.xcconfig"; sourceTree = "<group>"; };
/* End PBXFileReference section */

/* Begin PBXFrameworksBuildPhase section */
		A56106612489DB42002D8700 /* Frameworks */ = {
			isa = PBXFrameworksBuildPhase;
			buildActionMask = 2147483647;
			files = (
				367493347746210C78EB9B64 /* Pods_BTGoogleMaps.framework in Frameworks */,
			);
			runOnlyForDeploymentPostprocessing = 0;
		};
/* End PBXFrameworksBuildPhase section */

/* Begin PBXGroup section */
		6D143B9B44EC352802774A8D /* Pods */ = {
			isa = PBXGroup;
			children = (
				AC6A49CE424CDDEC7E4BF3F8 /* Pods-BTGoogleMaps.debug.xcconfig */,
				3B49563ACC6A83E1C5AF5A96 /* Pods-BTGoogleMaps.release.xcconfig */,
			);
			path = Pods;
			sourceTree = "<group>";
		};
		A561065B2489DB42002D8700 = {
			isa = PBXGroup;
			children = (
				A56106662489DB42002D8700 /* BTGoogleMaps */,
				A56106652489DB42002D8700 /* Products */,
				6D143B9B44EC352802774A8D /* Pods */,
				B0ADCD13B25C76B8A6344853 /* Frameworks */,
			);
			sourceTree = "<group>";
		};
		A56106652489DB42002D8700 /* Products */ = {
			isa = PBXGroup;
			children = (
				A56106642489DB42002D8700 /* BTGoogleMaps.app */,
			);
			name = Products;
			sourceTree = "<group>";
		};
		A56106662489DB42002D8700 /* BTGoogleMaps */ = {
			isa = PBXGroup;
			children = (
				A56106672489DB42002D8700 /* AppDelegate.swift */,
				A56106692489DB42002D8700 /* SceneDelegate.swift */,
				A561066B2489DB42002D8700 /* ViewController.swift */,
				A561066D2489DB42002D8700 /* Main.storyboard */,
				A56106702489DB43002D8700 /* Assets.xcassets */,
				A56106722489DB43002D8700 /* LaunchScreen.storyboard */,
				A56106752489DB43002D8700 /* Info.plist */,
			);
			path = BTGoogleMaps;
			sourceTree = "<group>";
		};
		B0ADCD13B25C76B8A6344853 /* Frameworks */ = {
			isa = PBXGroup;
			children = (
				5B532995D1B97827F8889B5F /* Pods_BTGoogleMaps.framework */,
			);
			name = Frameworks;
			sourceTree = "<group>";
		};
/* End PBXGroup section */

/* Begin PBXNativeTarget section */
		A56106632489DB42002D8700 /* BTGoogleMaps */ = {
			isa = PBXNativeTarget;
			buildConfigurationList = A56106782489DB43002D8700 /* Build configuration list for PBXNativeTarget "BTGoogleMaps" */;
			buildPhases = (
				F18C4966821A7B7019E25138 /* [CP] Check Pods Manifest.lock */,
				A56106602489DB42002D8700 /* Sources */,
				A56106612489DB42002D8700 /* Frameworks */,
				A56106622489DB42002D8700 /* Resources */,
				2798CD84C7ACCE07085024DD /* [CP] Copy Pods Resources */,
			);
			buildRules = (
			);
			dependencies = (
			);
			name = BTGoogleMaps;
			productName = BTGoogleMaps;
			productReference = A56106642489DB42002D8700 /* BTGoogleMaps.app */;
			productType = "com.apple.product-type.application";
		};
/* End PBXNativeTarget section */

/* Begin PBXProject section */
		A561065C2489DB42002D8700 /* Project object */ = {
			isa = PBXProject;
			attributes = {
				LastSwiftUpdateCheck = 1130;
				LastUpgradeCheck = 1130;
				ORGANIZATIONNAME = BaluTutorial;
				TargetAttributes = {
					A56106632489DB42002D8700 = {
						CreatedOnToolsVersion = 11.3.1;
					};
				};
			};
			buildConfigurationList = A561065F2489DB42002D8700 /* Build configuration list for PBXProject "BTGoogleMaps" */;
			compatibilityVersion = "Xcode 9.3";
			developmentRegion = en;
			hasScannedForEncodings = 0;
			knownRegions = (
				en,
				Base,
			);
			mainGroup = A561065B2489DB42002D8700;
			productRefGroup = A56106652489DB42002D8700 /* Products */;
			projectDirPath = "";
			projectRoot = "";
			targets = (
				A56106632489DB42002D8700 /* BTGoogleMaps */,
			);
		};
/* End PBXProject section */

/* Begin PBXResourcesBuildPhase section */
		A56106622489DB42002D8700 /* Resources */ = {
			isa = PBXResourcesBuildPhase;
			buildActionMask = 2147483647;
			files = (
				A56106742489DB43002D8700 /* LaunchScreen.storyboard in Resources */,
				A56106712489DB43002D8700 /* Assets.xcassets in Resources */,
				A561066F2489DB42002D8700 /* Main.storyboard in Resources */,
			);
			runOnlyForDeploymentPostprocessing = 0;
		};
/* End PBXResourcesBuildPhase section */

/* Begin PBXShellScriptBuildPhase section */
		2798CD84C7ACCE07085024DD /* [CP] Copy Pods Resources */ = {
			isa = PBXShellScriptBuildPhase;
			buildActionMask = 2147483647;
			files = (
			);
			inputFileListPaths = (
				"${PODS_ROOT}/Target Support Files/Pods-BTGoogleMaps/Pods-BTGoogleMaps-resources-${CONFIGURATION}-input-files.xcfilelist",
			);
			name = "[CP] Copy Pods Resources";
			outputFileListPaths = (
				"${PODS_ROOT}/Target Support Files/Pods-BTGoogleMaps/Pods-BTGoogleMaps-resources-${CONFIGURATION}-output-files.xcfilelist",
			);
			runOnlyForDeploymentPostprocessing = 0;
			shellPath = /bin/sh;
			shellScript = "\"${PODS_ROOT}/Target Support Files/Pods-BTGoogleMaps/Pods-BTGoogleMaps-resources.sh\"\n";
			showEnvVarsInLog = 0;
		};
		F18C4966821A7B7019E25138 /* [CP] Check Pods Manifest.lock */ = {
			isa = PBXShellScriptBuildPhase;
			buildActionMask = 2147483647;
			files = (
			);
			inputFileListPaths = (
			);
			inputPaths = (
				"${PODS_PODFILE_DIR_PATH}/Podfile.lock",
				"${PODS_ROOT}/Manifest.lock",
			);
			name = "[CP] Check Pods Manifest.lock";
			outputFileListPaths = (
			);
			outputPaths = (
				"$(DERIVED_FILE_DIR)/Pods-BTGoogleMaps-checkManifestLockResult.txt",
			);
			runOnlyForDeploymentPostprocessing = 0;
			shellPath = /bin/sh;
			shellScript = "diff \"${PODS_PODFILE_DIR_PATH}/Podfile.lock\" \"${PODS_ROOT}/Manifest.lock\" > /dev/null\nif [ $? != 0 ] ; then\n    # print error to STDERR\n    echo \"error: The sandbox is not in sync with the Podfile.lock. Run 'pod install' or update your CocoaPods installation.\" >&2\n    exit 1\nfi\n# This output is used by Xcode 'outputs' to avoid re-running this script phase.\necho \"SUCCESS\" > \"${SCRIPT_OUTPUT_FILE_0}\"\n";
			showEnvVarsInLog = 0;
		};
/* End PBXShellScriptBuildPhase section */

/* Begin PBXSourcesBuildPhase section */
		A56106602489DB42002D8700 /* Sources */ = {
			isa = PBXSourcesBuildPhase;
			buildActionMask = 2147483647;
			files = (
				A561066C2489DB42002D8700 /* ViewController.swift in Sources */,
				A56106682489DB42002D8700 /* AppDelegate.swift in Sources */,
				A561066A2489DB42002D8700 /* SceneDelegate.swift in Sources */,
			);
			runOnlyForDeploymentPostprocessing = 0;
		};
/* End PBXSourcesBuildPhase section */

/* Begin PBXVariantGroup section */
		A561066D2489DB42002D8700 /* Main.storyboard */ = {
			isa = PBXVariantGroup;
			children = (
				A561066E2489DB42002D8700 /* Base */,
			);
			name = Main.storyboard;
			sourceTree = "<group>";
		};
		A56106722489DB43002D8700 /* LaunchScreen.storyboard */ = {
			isa = PBXVariantGroup;
			children = (
				A56106732489DB43002D8700 /* Base */,
			);
			name = LaunchScreen.storyboard;
			sourceTree = "<group>";
		};
/* End PBXVariantGroup section */

/* Begin XCBuildConfiguration section */
		A56106762489DB43002D8700 /* Debug */ = {
			isa = XCBuildConfiguration;
			buildSettings = {
				ALWAYS_SEARCH_USER_PATHS = NO;
				CLANG_ANALYZER_NONNULL = YES;
				CLANG_ANALYZER_NUMBER_OBJECT_CONVERSION = YES_AGGRESSIVE;
				CLANG_CXX_LANGUAGE_STANDARD = "gnu++14";
				CLANG_CXX_LIBRARY = "libc++";
				CLANG_ENABLE_MODULES = YES;
				CLANG_ENABLE_OBJC_ARC = YES;
				CLANG_ENABLE_OBJC_WEAK = YES;
				CLANG_WARN_BLOCK_CAPTURE_AUTORELEASING = YES;
				CLANG_WARN_BOOL_CONVERSION = YES;
				CLANG_WARN_COMMA = YES;
				CLANG_WARN_CONSTANT_CONVERSION = YES;
				CLANG_WARN_DEPRECATED_OBJC_IMPLEMENTATIONS = YES;
				CLANG_WARN_DIRECT_OBJC_ISA_USAGE = YES_ERROR;
				CLANG_WARN_DOCUMENTATION_COMMENTS = YES;
				CLANG_WARN_EMPTY_BODY = YES;
				CLANG_WARN_ENUM_CONVERSION = YES;
				CLANG_WARN_INFINITE_RECURSION = YES;
				CLANG_WARN_INT_CONVERSION = YES;
				CLANG_WARN_NON_LITERAL_NULL_CONVERSION = YES;
				CLANG_WARN_OBJC_IMPLICIT_RETAIN_SELF = YES;
				CLANG_WARN_OBJC_LITERAL_CONVERSION = YES;
				CLANG_WARN_OBJC_ROOT_CLASS = YES_ERROR;
				CLANG_WARN_RANGE_LOOP_ANALYSIS = YES;
				CLANG_WARN_STRICT_PROTOTYPES = YES;
				CLANG_WARN_SUSPICIOUS_MOVE = YES;
				CLANG_WARN_UNGUARDED_AVAILABILITY = YES_AGGRESSIVE;
				CLANG_WARN_UNREACHABLE_CODE = YES;
				CLANG_WARN__DUPLICATE_METHOD_MATCH = YES;
				COPY_PHASE_STRIP = NO;
				DEBUG_INFORMATION_FORMAT = dwarf;
				ENABLE_STRICT_OBJC_MSGSEND = YES;
				ENABLE_TESTABILITY = YES;
				GCC_C_LANGUAGE_STANDARD = gnu11;
				GCC_DYNAMIC_NO_PIC = NO;
				GCC_NO_COMMON_BLOCKS = YES;
				GCC_OPTIMIZATION_LEVEL = 0;
				GCC_PREPROCESSOR_DEFINITIONS = (
					"DEBUG=1",
					"$(inherited)",
				);
				GCC_WARN_64_TO_32_BIT_CONVERSION = YES;
				GCC_WARN_ABOUT_RETURN_TYPE = YES_ERROR;
				GCC_WARN_UNDECLARED_SELECTOR = YES;
				GCC_WARN_UNINITIALIZED_AUTOS = YES_AGGRESSIVE;
				GCC_WARN_UNUSED_FUNCTION = YES;
				GCC_WARN_UNUSED_VARIABLE = YES;
				IPHONEOS_DEPLOYMENT_TARGET = 13.0;
				MTL_ENABLE_DEBUG_INFO = INCLUDE_SOURCE;
				MTL_FAST_MATH = YES;
				ONLY_ACTIVE_ARCH = YES;
				SDKROOT = iphoneos;
				SWIFT_ACTIVE_COMPILATION_CONDITIONS = DEBUG;
				SWIFT_OPTIMIZATION_LEVEL = "-Onone";
			};
			name = Debug;
		};
		A56106772489DB43002D8700 /* Release */ = {
			isa = XCBuildConfiguration;
			buildSettings = {
				ALWAYS_SEARCH_USER_PATHS = NO;
				CLANG_ANALYZER_NONNULL = YES;
				CLANG_ANALYZER_NUMBER_OBJECT_CONVERSION = YES_AGGRESSIVE;
				CLANG_CXX_LANGUAGE_STANDARD = "gnu++14";
				CLANG_CXX_LIBRARY = "libc++";
				CLANG_ENABLE_MODULES = YES;
				CLANG_ENABLE_OBJC_ARC = YES;
				CLANG_ENABLE_OBJC_WEAK = YES;
				CLANG_WARN_BLOCK_CAPTURE_AUTORELEASING = YES;
				CLANG_WARN_BOOL_CONVERSION = YES;
				CLANG_WARN_COMMA = YES;
				CLANG_WARN_CONSTANT_CONVERSION = YES;
				CLANG_WARN_DEPRECATED_OBJC_IMPLEMENTATIONS = YES;
				CLANG_WARN_DIRECT_OBJC_ISA_USAGE = YES_ERROR;
				CLANG_WARN_DOCUMENTATION_COMMENTS = YES;
				CLANG_WARN_EMPTY_BODY = YES;
				CLANG_WARN_ENUM_CONVERSION = YES;
				CLANG_WARN_INFINITE_RECURSION = YES;
				CLANG_WARN_INT_CONVERSION = YES;
				CLANG_WARN_NON_LITERAL_NULL_CONVERSION = YES;
				CLANG_WARN_OBJC_IMPLICIT_RETAIN_SELF = YES;
				CLANG_WARN_OBJC_LITERAL_CONVERSION = YES;
				CLANG_WARN_OBJC_ROOT_CLASS = YES_ERROR;
				CLANG_WARN_RANGE_LOOP_ANALYSIS = YES;
				CLANG_WARN_STRICT_PROTOTYPES = YES;
				CLANG_WARN_SUSPICIOUS_MOVE = YES;
				CLANG_WARN_UNGUARDED_AVAILABILITY = YES_AGGRESSIVE;
				CLANG_WARN_UNREACHABLE_CODE = YES;
				CLANG_WARN__DUPLICATE_METHOD_MATCH = YES;
				COPY_PHASE_STRIP = NO;
				DEBUG_INFORMATION_FORMAT = "dwarf-with-dsym";
				ENABLE_NS_ASSERTIONS = NO;
				ENABLE_STRICT_OBJC_MSGSEND = YES;
				GCC_C_LANGUAGE_STANDARD = gnu11;
				GCC_NO_COMMON_BLOCKS = YES;
				GCC_WARN_64_TO_32_BIT_CONVERSION = YES;
				GCC_WARN_ABOUT_RETURN_TYPE = YES_ERROR;
				GCC_WARN_UNDECLARED_SELECTOR = YES;
				GCC_WARN_UNINITIALIZED_AUTOS = YES_AGGRESSIVE;
				GCC_WARN_UNUSED_FUNCTION = YES;
				GCC_WARN_UNUSED_VARIABLE = YES;
				IPHONEOS_DEPLOYMENT_TARGET = 13.0;
				MTL_ENABLE_DEBUG_INFO = NO;
				MTL_FAST_MATH = YES;
				SDKROOT = iphoneos;
				SWIFT_COMPILATION_MODE = wholemodule;
				SWIFT_OPTIMIZATION_LEVEL = "-O";
				VALIDATE_PRODUCT = YES;
			};
			name = Release;
		};
		A56106792489DB43002D8700 /* Debug */ = {
			isa = XCBuildConfiguration;
			baseConfigurationReference = AC6A49CE424CDDEC7E4BF3F8 /* Pods-BTGoogleMaps.debug.xcconfig */;
			buildSettings = {
				ASSETCATALOG_COMPILER_APPICON_NAME = AppIcon;
				CODE_SIGN_STYLE = Automatic;
				DEVELOPMENT_TEAM = 456E6NNKP2;
				INFOPLIST_FILE = BTGoogleMaps/Info.plist;
				LD_RUNPATH_SEARCH_PATHS = (
					"$(inherited)",
					"@executable_path/Frameworks",
				);
				PRODUCT_BUNDLE_IDENTIFIER = com.BaluTutorial.BTGoogleMaps;
				PRODUCT_NAME = "$(TARGET_NAME)";
				SWIFT_VERSION = 5.0;
				TARGETED_DEVICE_FAMILY = "1,2";
			};
			name = Debug;
		};
		A561067A2489DB43002D8700 /* Release */ = {
			isa = XCBuildConfiguration;
			baseConfigurationReference = 3B49563ACC6A83E1C5AF5A96 /* Pods-BTGoogleMaps.release.xcconfig */;
			buildSettings = {
				ASSETCATALOG_COMPILER_APPICON_NAME = AppIcon;
				CODE_SIGN_STYLE = Automatic;
				DEVELOPMENT_TEAM = 456E6NNKP2;
				INFOPLIST_FILE = BTGoogleMaps/Info.plist;
				LD_RUNPATH_SEARCH_PATHS = (
					"$(inherited)",
					"@executable_path/Frameworks",
				);
				PRODUCT_BUNDLE_IDENTIFIER = com.BaluTutorial.BTGoogleMaps;
				PRODUCT_NAME = "$(TARGET_NAME)";
				SWIFT_VERSION = 5.0;
				TARGETED_DEVICE_FAMILY = "1,2";
			};
			name = Release;
		};
/* End XCBuildConfiguration section */

/* Begin XCConfigurationList section */
		A561065F2489DB42002D8700 /* Build configuration list for PBXProject "BTGoogleMaps" */ = {
			isa = XCConfigurationList;
			buildConfigurations = (
				A56106762489DB43002D8700 /* Debug */,
				A56106772489DB43002D8700 /* Release */,
			);
			defaultConfigurationIsVisible = 0;
			defaultConfigurationName = Release;
		};
		A56106782489DB43002D8700 /* Build configuration list for PBXNativeTarget "BTGoogleMaps" */ = {
			isa = XCConfigurationList;
			buildConfigurations = (
				A56106792489DB43002D8700 /* Debug */,
				A561067A2489DB43002D8700 /* Release */,
			);
			defaultConfigurationIsVisible = 0;
			defaultConfigurationName = Release;
		};
/* End XCConfigurationList section */
	};
	rootObject = A561065C2489DB42002D8700 /* Project object */;
}
