// !$*UTF8*$!
{
	archiveVersion = 1;
	classes = {
	};
	objectVersion = 51;
	objects = {

/* Begin PBXBuildFile section */
		88CD7820ABA07D015879B3D7 /* Pods_UserDefaultAndPlist.framework in Frameworks */ = {isa = PBXBuildFile; fileRef = 299BAA82DF20789A882E8730 /* Pods_UserDefaultAndPlist.framework */; };
		A5170E2F247CB2F0002670EE /* AppDelegate.swift in Sources */ = {isa = PBXBuildFile; fileRef = A5170E2E247CB2F0002670EE /* AppDelegate.swift */; };
		A5170E31247CB2F0002670EE /* SceneDelegate.swift in Sources */ = {isa = PBXBuildFile; fileRef = A5170E30247CB2F0002670EE /* SceneDelegate.swift */; };
		A5170E33247CB2F0002670EE /* MasterViewController.swift in Sources */ = {isa = PBXBuildFile; fileRef = A5170E32247CB2F0002670EE /* MasterViewController.swift */; };
		A5170E35247CB2F0002670EE /* DetailViewController.swift in Sources */ = {isa = PBXBuildFile; fileRef = A5170E34247CB2F0002670EE /* DetailViewController.swift */; };
		A5170E38247CB2F0002670EE /* Main.storyboard in Resources */ = {isa = PBXBuildFile; fileRef = A5170E36247CB2F0002670EE /* Main.storyboard */; };
		A5170E3A247CB2F1002670EE /* Assets.xcassets in Resources */ = {isa = PBXBuildFile; fileRef = A5170E39247CB2F1002670EE /* Assets.xcassets */; };
		A5170E3D247CB2F1002670EE /* LaunchScreen.storyboard in Resources */ = {isa = PBXBuildFile; fileRef = A5170E3B247CB2F1002670EE /* LaunchScreen.storyboard */; };
		A5170E45247CB38F002670EE /* User.plist in Resources */ = {isa = PBXBuildFile; fileRef = A5170E44247CB38F002670EE /* User.plist */; };
		A5170E47247CC939002670EE /* UserDefaultManager.swift in Sources */ = {isa = PBXBuildFile; fileRef = A5170E46247CC939002670EE /* UserDefaultManager.swift */; };
/* End PBXBuildFile section */

/* Begin PBXFileReference section */
		299BAA82DF20789A882E8730 /* Pods_UserDefaultAndPlist.framework */ = {isa = PBXFileReference; explicitFileType = wrapper.framework; includeInIndex = 0; path = Pods_UserDefaultAndPlist.framework; sourceTree = BUILT_PRODUCTS_DIR; };
		5A0AB5BF5F069A0999580A0F /* Pods-UserDefaultAndPlist.debug.xcconfig */ = {isa = PBXFileReference; includeInIndex = 1; lastKnownFileType = text.xcconfig; name = "Pods-UserDefaultAndPlist.debug.xcconfig"; path = "Target Support Files/Pods-UserDefaultAndPlist/Pods-UserDefaultAndPlist.debug.xcconfig"; sourceTree = "<group>"; };
		A5170E2B247CB2F0002670EE /* UserDefaultAndPlist.app */ = {isa = PBXFileReference; explicitFileType = wrapper.application; includeInIndex = 0; path = UserDefaultAndPlist.app; sourceTree = BUILT_PRODUCTS_DIR; };
		A5170E2E247CB2F0002670EE /* AppDelegate.swift */ = {isa = PBXFileReference; lastKnownFileType = sourcecode.swift; path = AppDelegate.swift; sourceTree = "<group>"; };
		A5170E30247CB2F0002670EE /* SceneDelegate.swift */ = {isa = PBXFileReference; lastKnownFileType = sourcecode.swift; path = SceneDelegate.swift; sourceTree = "<group>"; };
		A5170E32247CB2F0002670EE /* MasterViewController.swift */ = {isa = PBXFileReference; lastKnownFileType = sourcecode.swift; path = MasterViewController.swift; sourceTree = "<group>"; };
		A5170E34247CB2F0002670EE /* DetailViewController.swift */ = {isa = PBXFileReference; lastKnownFileType = sourcecode.swift; path = DetailViewController.swift; sourceTree = "<group>"; };
		A5170E37247CB2F0002670EE /* Base */ = {isa = PBXFileReference; lastKnownFileType = file.storyboard; name = Base; path = Base.lproj/Main.storyboard; sourceTree = "<group>"; };
		A5170E39247CB2F1002670EE /* Assets.xcassets */ = {isa = PBXFileReference; lastKnownFileType = folder.assetcatalog; path = Assets.xcassets; sourceTree = "<group>"; };
		A5170E3C247CB2F1002670EE /* Base */ = {isa = PBXFileReference; lastKnownFileType = file.storyboard; name = Base; path = Base.lproj/LaunchScreen.storyboard; sourceTree = "<group>"; };
		A5170E3E247CB2F1002670EE /* Info.plist */ = {isa = PBXFileReference; lastKnownFileType = text.plist.xml; path = Info.plist; sourceTree = "<group>"; };
		A5170E44247CB38F002670EE /* User.plist */ = {isa = PBXFileReference; lastKnownFileType = text.plist.xml; path = User.plist; sourceTree = "<group>"; };
		A5170E46247CC939002670EE /* UserDefaultManager.swift */ = {isa = PBXFileReference; lastKnownFileType = sourcecode.swift; path = UserDefaultManager.swift; sourceTree = "<group>"; };
		A5CC27CE247E0AA600C0FFE4 /* UserDefaultAndPlist.entitlements */ = {isa = PBXFileReference; fileEncoding = 4; lastKnownFileType = text.plist.entitlements; path = UserDefaultAndPlist.entitlements; sourceTree = "<group>"; };
		FED99283D1D45E719CB3CC29 /* Pods-UserDefaultAndPlist.release.xcconfig */ = {isa = PBXFileReference; includeInIndex = 1; lastKnownFileType = text.xcconfig; name = "Pods-UserDefaultAndPlist.release.xcconfig"; path = "Target Support Files/Pods-UserDefaultAndPlist/Pods-UserDefaultAndPlist.release.xcconfig"; sourceTree = "<group>"; };
/* End PBXFileReference section */

/* Begin PBXFrameworksBuildPhase section */
		A5170E28247CB2F0002670EE /* Frameworks */ = {
			isa = PBXFrameworksBuildPhase;
			buildActionMask = 2147483647;
			files = (
				88CD7820ABA07D015879B3D7 /* Pods_UserDefaultAndPlist.framework in Frameworks */,
			);
			runOnlyForDeploymentPostprocessing = 0;
		};
/* End PBXFrameworksBuildPhase section */

/* Begin PBXGroup section */
		5F9B7E72D899C63DEABE926E /* Pods */ = {
			isa = PBXGroup;
			children = (
				5A0AB5BF5F069A0999580A0F /* Pods-UserDefaultAndPlist.debug.xcconfig */,
				FED99283D1D45E719CB3CC29 /* Pods-UserDefaultAndPlist.release.xcconfig */,
			);
			path = Pods;
			sourceTree = "<group>";
		};
		A5170E22247CB2F0002670EE = {
			isa = PBXGroup;
			children = (
				A5170E2D247CB2F0002670EE /* UserDefaultAndPlist */,
				A5170E2C247CB2F0002670EE /* Products */,
				5F9B7E72D899C63DEABE926E /* Pods */,
				AE1FA1ADE9A73AE341C8B80B /* Frameworks */,
			);
			sourceTree = "<group>";
		};
		A5170E2C247CB2F0002670EE /* Products */ = {
			isa = PBXGroup;
			children = (
				A5170E2B247CB2F0002670EE /* UserDefaultAndPlist.app */,
			);
			name = Products;
			sourceTree = "<group>";
		};
		A5170E2D247CB2F0002670EE /* UserDefaultAndPlist */ = {
			isa = PBXGroup;
			children = (
				A5CC27CE247E0AA600C0FFE4 /* UserDefaultAndPlist.entitlements */,
				A5170E46247CC939002670EE /* UserDefaultManager.swift */,
				A5170E2E247CB2F0002670EE /* AppDelegate.swift */,
				A5170E30247CB2F0002670EE /* SceneDelegate.swift */,
				A5170E32247CB2F0002670EE /* MasterViewController.swift */,
				A5170E34247CB2F0002670EE /* DetailViewController.swift */,
				A5170E36247CB2F0002670EE /* Main.storyboard */,
				A5170E39247CB2F1002670EE /* Assets.xcassets */,
				A5170E3B247CB2F1002670EE /* LaunchScreen.storyboard */,
				A5170E3E247CB2F1002670EE /* Info.plist */,
				A5170E44247CB38F002670EE /* User.plist */,
			);
			path = UserDefaultAndPlist;
			sourceTree = "<group>";
		};
		AE1FA1ADE9A73AE341C8B80B /* Frameworks */ = {
			isa = PBXGroup;
			children = (
				299BAA82DF20789A882E8730 /* Pods_UserDefaultAndPlist.framework */,
			);
			name = Frameworks;
			sourceTree = "<group>";
		};
/* End PBXGroup section */

/* Begin PBXNativeTarget section */
		A5170E2A247CB2F0002670EE /* UserDefaultAndPlist */ = {
			isa = PBXNativeTarget;
			buildConfigurationList = A5170E41247CB2F1002670EE /* Build configuration list for PBXNativeTarget "UserDefaultAndPlist" */;
			buildPhases = (
				1E019684236D2AA30ECC1AA4 /* [CP] Check Pods Manifest.lock */,
				A5170E27247CB2F0002670EE /* Sources */,
				A5170E28247CB2F0002670EE /* Frameworks */,
				A5170E29247CB2F0002670EE /* Resources */,
				5B8917EB685F0D52228E8677 /* [CP] Embed Pods Frameworks */,
			);
			buildRules = (
			);
			dependencies = (
			);
			name = UserDefaultAndPlist;
			productName = UserDefaultAndPlist;
			productReference = A5170E2B247CB2F0002670EE /* UserDefaultAndPlist.app */;
			productType = "com.apple.product-type.application";
		};
/* End PBXNativeTarget section */

/* Begin PBXProject section */
		A5170E23247CB2F0002670EE /* Project object */ = {
			isa = PBXProject;
			attributes = {
				LastSwiftUpdateCheck = 1130;
				LastUpgradeCheck = 1130;
				ORGANIZATIONNAME = BaluTutorial;
				TargetAttributes = {
					A5170E2A247CB2F0002670EE = {
						CreatedOnToolsVersion = 11.3.1;
					};
				};
			};
			buildConfigurationList = A5170E26247CB2F0002670EE /* Build configuration list for PBXProject "UserDefaultAndPlist" */;
			compatibilityVersion = "Xcode 9.3";
			developmentRegion = en;
			hasScannedForEncodings = 0;
			knownRegions = (
				en,
				Base,
			);
			mainGroup = A5170E22247CB2F0002670EE;
			productRefGroup = A5170E2C247CB2F0002670EE /* Products */;
			projectDirPath = "";
			projectRoot = "";
			targets = (
				A5170E2A247CB2F0002670EE /* UserDefaultAndPlist */,
			);
		};
/* End PBXProject section */

/* Begin PBXResourcesBuildPhase section */
		A5170E29247CB2F0002670EE /* Resources */ = {
			isa = PBXResourcesBuildPhase;
			buildActionMask = 2147483647;
			files = (
				A5170E3D247CB2F1002670EE /* LaunchScreen.storyboard in Resources */,
				A5170E3A247CB2F1002670EE /* Assets.xcassets in Resources */,
				A5170E38247CB2F0002670EE /* Main.storyboard in Resources */,
				A5170E45247CB38F002670EE /* User.plist in Resources */,
			);
			runOnlyForDeploymentPostprocessing = 0;
		};
/* End PBXResourcesBuildPhase section */

/* Begin PBXShellScriptBuildPhase section */
		1E019684236D2AA30ECC1AA4 /* [CP] Check Pods Manifest.lock */ = {
			isa = PBXShellScriptBuildPhase;
			buildActionMask = 2147483647;
			files = (
			);
			inputFileListPaths = (
			);
			inputPaths = (
				"${PODS_PODFILE_DIR_PATH}/Podfile.lock",
				"${PODS_ROOT}/Manifest.lock",
			);
			name = "[CP] Check Pods Manifest.lock";
			outputFileListPaths = (
			);
			outputPaths = (
				"$(DERIVED_FILE_DIR)/Pods-UserDefaultAndPlist-checkManifestLockResult.txt",
			);
			runOnlyForDeploymentPostprocessing = 0;
			shellPath = /bin/sh;
			shellScript = "diff \"${PODS_PODFILE_DIR_PATH}/Podfile.lock\" \"${PODS_ROOT}/Manifest.lock\" > /dev/null\nif [ $? != 0 ] ; then\n    # print error to STDERR\n    echo \"error: The sandbox is not in sync with the Podfile.lock. Run 'pod install' or update your CocoaPods installation.\" >&2\n    exit 1\nfi\n# This output is used by Xcode 'outputs' to avoid re-running this script phase.\necho \"SUCCESS\" > \"${SCRIPT_OUTPUT_FILE_0}\"\n";
			showEnvVarsInLog = 0;
		};
		5B8917EB685F0D52228E8677 /* [CP] Embed Pods Frameworks */ = {
			isa = PBXShellScriptBuildPhase;
			buildActionMask = 2147483647;
			files = (
			);
			inputFileListPaths = (
				"${PODS_ROOT}/Target Support Files/Pods-UserDefaultAndPlist/Pods-UserDefaultAndPlist-frameworks-${CONFIGURATION}-input-files.xcfilelist",
			);
			name = "[CP] Embed Pods Frameworks";
			outputFileListPaths = (
				"${PODS_ROOT}/Target Support Files/Pods-UserDefaultAndPlist/Pods-UserDefaultAndPlist-frameworks-${CONFIGURATION}-output-files.xcfilelist",
			);
			runOnlyForDeploymentPostprocessing = 0;
			shellPath = /bin/sh;
			shellScript = "\"${PODS_ROOT}/Target Support Files/Pods-UserDefaultAndPlist/Pods-UserDefaultAndPlist-frameworks.sh\"\n";
			showEnvVarsInLog = 0;
		};
/* End PBXShellScriptBuildPhase section */

/* Begin PBXSourcesBuildPhase section */
		A5170E27247CB2F0002670EE /* Sources */ = {
			isa = PBXSourcesBuildPhase;
			buildActionMask = 2147483647;
			files = (
				A5170E2F247CB2F0002670EE /* AppDelegate.swift in Sources */,
				A5170E31247CB2F0002670EE /* SceneDelegate.swift in Sources */,
				A5170E33247CB2F0002670EE /* MasterViewController.swift in Sources */,
				A5170E35247CB2F0002670EE /* DetailViewController.swift in Sources */,
				A5170E47247CC939002670EE /* UserDefaultManager.swift in Sources */,
			);
			runOnlyForDeploymentPostprocessing = 0;
		};
/* End PBXSourcesBuildPhase section */

/* Begin PBXVariantGroup section */
		A5170E36247CB2F0002670EE /* Main.storyboard */ = {
			isa = PBXVariantGroup;
			children = (
				A5170E37247CB2F0002670EE /* Base */,
			);
			name = Main.storyboard;
			sourceTree = "<group>";
		};
		A5170E3B247CB2F1002670EE /* LaunchScreen.storyboard */ = {
			isa = PBXVariantGroup;
			children = (
				A5170E3C247CB2F1002670EE /* Base */,
			);
			name = LaunchScreen.storyboard;
			sourceTree = "<group>";
		};
/* End PBXVariantGroup section */

/* Begin XCBuildConfiguration section */
		A5170E3F247CB2F1002670EE /* Debug */ = {
			isa = XCBuildConfiguration;
			buildSettings = {
				ALWAYS_SEARCH_USER_PATHS = NO;
				CLANG_ANALYZER_NONNULL = YES;
				CLANG_ANALYZER_NUMBER_OBJECT_CONVERSION = YES_AGGRESSIVE;
				CLANG_CXX_LANGUAGE_STANDARD = "gnu++14";
				CLANG_CXX_LIBRARY = "libc++";
				CLANG_ENABLE_MODULES = YES;
				CLANG_ENABLE_OBJC_ARC = YES;
				CLANG_ENABLE_OBJC_WEAK = YES;
				CLANG_WARN_BLOCK_CAPTURE_AUTORELEASING = YES;
				CLANG_WARN_BOOL_CONVERSION = YES;
				CLANG_WARN_COMMA = YES;
				CLANG_WARN_CONSTANT_CONVERSION = YES;
				CLANG_WARN_DEPRECATED_OBJC_IMPLEMENTATIONS = YES;
				CLANG_WARN_DIRECT_OBJC_ISA_USAGE = YES_ERROR;
				CLANG_WARN_DOCUMENTATION_COMMENTS = YES;
				CLANG_WARN_EMPTY_BODY = YES;
				CLANG_WARN_ENUM_CONVERSION = YES;
				CLANG_WARN_INFINITE_RECURSION = YES;
				CLANG_WARN_INT_CONVERSION = YES;
				CLANG_WARN_NON_LITERAL_NULL_CONVERSION = YES;
				CLANG_WARN_OBJC_IMPLICIT_RETAIN_SELF = YES;
				CLANG_WARN_OBJC_LITERAL_CONVERSION = YES;
				CLANG_WARN_OBJC_ROOT_CLASS = YES_ERROR;
				CLANG_WARN_RANGE_LOOP_ANALYSIS = YES;
				CLANG_WARN_STRICT_PROTOTYPES = YES;
				CLANG_WARN_SUSPICIOUS_MOVE = YES;
				CLANG_WARN_UNGUARDED_AVAILABILITY = YES_AGGRESSIVE;
				CLANG_WARN_UNREACHABLE_CODE = YES;
				CLANG_WARN__DUPLICATE_METHOD_MATCH = YES;
				COPY_PHASE_STRIP = NO;
				DEBUG_INFORMATION_FORMAT = dwarf;
				ENABLE_STRICT_OBJC_MSGSEND = YES;
				ENABLE_TESTABILITY = YES;
				GCC_C_LANGUAGE_STANDARD = gnu11;
				GCC_DYNAMIC_NO_PIC = NO;
				GCC_NO_COMMON_BLOCKS = YES;
				GCC_OPTIMIZATION_LEVEL = 0;
				GCC_PREPROCESSOR_DEFINITIONS = (
					"DEBUG=1",
					"$(inherited)",
				);
				GCC_WARN_64_TO_32_BIT_CONVERSION = YES;
				GCC_WARN_ABOUT_RETURN_TYPE = YES_ERROR;
				GCC_WARN_UNDECLARED_SELECTOR = YES;
				GCC_WARN_UNINITIALIZED_AUTOS = YES_AGGRESSIVE;
				GCC_WARN_UNUSED_FUNCTION = YES;
				GCC_WARN_UNUSED_VARIABLE = YES;
				IPHONEOS_DEPLOYMENT_TARGET = 13.2;
				MTL_ENABLE_DEBUG_INFO = INCLUDE_SOURCE;
				MTL_FAST_MATH = YES;
				ONLY_ACTIVE_ARCH = YES;
				SDKROOT = iphoneos;
				SWIFT_ACTIVE_COMPILATION_CONDITIONS = DEBUG;
				SWIFT_OPTIMIZATION_LEVEL = "-Onone";
			};
			name = Debug;
		};
		A5170E40247CB2F1002670EE /* Release */ = {
			isa = XCBuildConfiguration;
			buildSettings = {
				ALWAYS_SEARCH_USER_PATHS = NO;
				CLANG_ANALYZER_NONNULL = YES;
				CLANG_ANALYZER_NUMBER_OBJECT_CONVERSION = YES_AGGRESSIVE;
				CLANG_CXX_LANGUAGE_STANDARD = "gnu++14";
				CLANG_CXX_LIBRARY = "libc++";
				CLANG_ENABLE_MODULES = YES;
				CLANG_ENABLE_OBJC_ARC = YES;
				CLANG_ENABLE_OBJC_WEAK = YES;
				CLANG_WARN_BLOCK_CAPTURE_AUTORELEASING = YES;
				CLANG_WARN_BOOL_CONVERSION = YES;
				CLANG_WARN_COMMA = YES;
				CLANG_WARN_CONSTANT_CONVERSION = YES;
				CLANG_WARN_DEPRECATED_OBJC_IMPLEMENTATIONS = YES;
				CLANG_WARN_DIRECT_OBJC_ISA_USAGE = YES_ERROR;
				CLANG_WARN_DOCUMENTATION_COMMENTS = YES;
				CLANG_WARN_EMPTY_BODY = YES;
				CLANG_WARN_ENUM_CONVERSION = YES;
				CLANG_WARN_INFINITE_RECURSION = YES;
				CLANG_WARN_INT_CONVERSION = YES;
				CLANG_WARN_NON_LITERAL_NULL_CONVERSION = YES;
				CLANG_WARN_OBJC_IMPLICIT_RETAIN_SELF = YES;
				CLANG_WARN_OBJC_LITERAL_CONVERSION = YES;
				CLANG_WARN_OBJC_ROOT_CLASS = YES_ERROR;
				CLANG_WARN_RANGE_LOOP_ANALYSIS = YES;
				CLANG_WARN_STRICT_PROTOTYPES = YES;
				CLANG_WARN_SUSPICIOUS_MOVE = YES;
				CLANG_WARN_UNGUARDED_AVAILABILITY = YES_AGGRESSIVE;
				CLANG_WARN_UNREACHABLE_CODE = YES;
				CLANG_WARN__DUPLICATE_METHOD_MATCH = YES;
				COPY_PHASE_STRIP = NO;
				DEBUG_INFORMATION_FORMAT = "dwarf-with-dsym";
				ENABLE_NS_ASSERTIONS = NO;
				ENABLE_STRICT_OBJC_MSGSEND = YES;
				GCC_C_LANGUAGE_STANDARD = gnu11;
				GCC_NO_COMMON_BLOCKS = YES;
				GCC_WARN_64_TO_32_BIT_CONVERSION = YES;
				GCC_WARN_ABOUT_RETURN_TYPE = YES_ERROR;
				GCC_WARN_UNDECLARED_SELECTOR = YES;
				GCC_WARN_UNINITIALIZED_AUTOS = YES_AGGRESSIVE;
				GCC_WARN_UNUSED_FUNCTION = YES;
				GCC_WARN_UNUSED_VARIABLE = YES;
				IPHONEOS_DEPLOYMENT_TARGET = 13.2;
				MTL_ENABLE_DEBUG_INFO = NO;
				MTL_FAST_MATH = YES;
				SDKROOT = iphoneos;
				SWIFT_COMPILATION_MODE = wholemodule;
				SWIFT_OPTIMIZATION_LEVEL = "-O";
				VALIDATE_PRODUCT = YES;
			};
			name = Release;
		};
		A5170E42247CB2F1002670EE /* Debug */ = {
			isa = XCBuildConfiguration;
			baseConfigurationReference = 5A0AB5BF5F069A0999580A0F /* Pods-UserDefaultAndPlist.debug.xcconfig */;
			buildSettings = {
				ASSETCATALOG_COMPILER_APPICON_NAME = AppIcon;
				CODE_SIGN_ENTITLEMENTS = "$(SRCROOT)/UserDefaultAndPlist/UserDefaultAndPlist.entitlements";
				CODE_SIGN_STYLE = Manual;
				DEVELOPMENT_TEAM = 456E6NNKP2;
				INFOPLIST_FILE = UserDefaultAndPlist/Info.plist;
				LD_RUNPATH_SEARCH_PATHS = (
					"$(inherited)",
					"@executable_path/Frameworks",
				);
				PRODUCT_BUNDLE_IDENTIFIER = com.BaluTutorial.UserDefaultAndPlist;
				PRODUCT_NAME = "$(TARGET_NAME)";
				SWIFT_VERSION = 5.0;
				TARGETED_DEVICE_FAMILY = "1,2";
			};
			name = Debug;
		};
		A5170E43247CB2F1002670EE /* Release */ = {
			isa = XCBuildConfiguration;
			baseConfigurationReference = FED99283D1D45E719CB3CC29 /* Pods-UserDefaultAndPlist.release.xcconfig */;
			buildSettings = {
				ASSETCATALOG_COMPILER_APPICON_NAME = AppIcon;
				CODE_SIGN_ENTITLEMENTS = "$(SRCROOT)/UserDefaultAndPlist/UserDefaultAndPlist.entitlements";
				CODE_SIGN_STYLE = Manual;
				DEVELOPMENT_TEAM = 456E6NNKP2;
				INFOPLIST_FILE = UserDefaultAndPlist/Info.plist;
				LD_RUNPATH_SEARCH_PATHS = (
					"$(inherited)",
					"@executable_path/Frameworks",
				);
				PRODUCT_BUNDLE_IDENTIFIER = com.BaluTutorial.UserDefaultAndPlist;
				PRODUCT_NAME = "$(TARGET_NAME)";
				SWIFT_VERSION = 5.0;
				TARGETED_DEVICE_FAMILY = "1,2";
			};
			name = Release;
		};
/* End XCBuildConfiguration section */

/* Begin XCConfigurationList section */
		A5170E26247CB2F0002670EE /* Build configuration list for PBXProject "UserDefaultAndPlist" */ = {
			isa = XCConfigurationList;
			buildConfigurations = (
				A5170E3F247CB2F1002670EE /* Debug */,
				A5170E40247CB2F1002670EE /* Release */,
			);
			defaultConfigurationIsVisible = 0;
			defaultConfigurationName = Release;
		};
		A5170E41247CB2F1002670EE /* Build configuration list for PBXNativeTarget "UserDefaultAndPlist" */ = {
			isa = XCConfigurationList;
			buildConfigurations = (
				A5170E42247CB2F1002670EE /* Debug */,
				A5170E43247CB2F1002670EE /* Release */,
			);
			defaultConfigurationIsVisible = 0;
			defaultConfigurationName = Release;
		};
/* End XCConfigurationList section */
	};
	rootObject = A5170E23247CB2F0002670EE /* Project object */;
}
